
Microsoft Visual Studio Solution File, Format Version 12.00
# Visual Studio 15
VisualStudioVersion = 15.0.27004.2002
MinimumVisualStudioVersion = 10.0.40219.1
Project("{FAE04EC0-301F-11D3-BF4B-00C04F79EFBC}") = "SortingAlgorithm.Operations", "SortingAlgorithm.Operations.csproj", "{A566D52D-117B-4415-8733-15BBBA5D789C}"
EndProject
Project("{FAE04EC0-301F-11D3-BF4B-00C04F79EFBC}") = "SortingAlgorithm.Operations.Model", "SortingAlgorithm.Operations.Model\SortingAlgorithm.Operations.Model.csproj", "{D7F41D2F-26EC-42BB-98FF-348D6C96071A}"
EndProject
Project("{FAE04EC0-301F-11D3-BF4B-00C04F79EFBC}") = "SortingAlgorithm.Operations.Test", "SortingAlgorithm.Operations.Test\SortingAlgorithm.Operations.Test.csproj", "{6A1C1880-A1CD-4492-8C16-7B80FB4F15E2}"
EndProject
Global
	GlobalSection(SolutionConfigurationPlatforms) = preSolution
		Debug|Any CPU = Debug|Any CPU
		Release|Any CPU = Release|Any CPU
	EndGlobalSection
	GlobalSection(ProjectConfigurationPlatforms) = postSolution
		{A566D52D-117B-4415-8733-15BBBA5D789C}.Debug|Any CPU.ActiveCfg = Debug|Any CPU
		{A566D52D-117B-4415-8733-15BBBA5D789C}.Debug|Any CPU.Build.0 = Debug|Any CPU
		{A566D52D-117B-4415-8733-15BBBA5D789C}.Release|Any CPU.ActiveCfg = Release|Any CPU
		{A566D52D-117B-4415-8733-15BBBA5D789C}.Release|Any CPU.Build.0 = Release|Any CPU
		{D7F41D2F-26EC-42BB-98FF-348D6C96071A}.Debug|Any CPU.ActiveCfg = Debug|Any CPU
		{D7F41D2F-26EC-42BB-98FF-348D6C96071A}.Debug|Any CPU.Build.0 = Debug|Any CPU
		{D7F41D2F-26EC-42BB-98FF-348D6C96071A}.Release|Any CPU.ActiveCfg = Release|Any CPU
		{D7F41D2F-26EC-42BB-98FF-348D6C96071A}.Release|Any CPU.Build.0 = Release|Any CPU
		{6A1C1880-A1CD-4492-8C16-7B80FB4F15E2}.Debug|Any CPU.ActiveCfg = Debug|Any CPU
		{6A1C1880-A1CD-4492-8C16-7B80FB4F15E2}.Debug|Any CPU.Build.0 = Debug|Any CPU
		{6A1C1880-A1CD-4492-8C16-7B80FB4F15E2}.Release|Any CPU.ActiveCfg = Release|Any CPU
		{6A1C1880-A1CD-4492-8C16-7B80FB4F15E2}.Release|Any CPU.Build.0 = Release|Any CPU
	EndGlobalSection
	GlobalSection(SolutionProperties) = preSolution
		HideSolutionNode = FALSE
	EndGlobalSection
	GlobalSection(ExtensibilityGlobals) = postSolution
		SolutionGuid = {2A1DC91D-EC59-4A42-A331-2055E765D318}
	EndGlobalSection
EndGlobal
